
Microsoft Visual Studio Solution File, Format Version 12.00
# Visual Studio Version 17
VisualStudioVersion = 17.0.31912.275
MinimumVisualStudioVersion = 10.0.40219.1
Project("{C7167F0D-BC9F-4E6E-AFE1-012C56B48DB5}") = "MusicPimp (Package)", "MusicPimp\MusicPimp (Package)\MusicPimp (Package).wapproj", "{E0C6A4EC-5BC4-4A8C-9CBA-4B0DE6F82983}"
EndProject
Project("{9A19103F-16F7-4668-BE54-9A1E7A4F7556}") = "MusicPimp", "MusicPimp\MusicPimp\MusicPimp.csproj", "{8639FBD0-DDB1-465A-98C0-E6E0B70694F1}"
EndProject
Project("{FAE04EC0-301F-11D3-BF4B-00C04F79EFBC}") = "MusicPimp2022", "MusicPimp2022\MusicPimp2022.csproj", "{C8DEB3A6-7D70-44B7-AA31-ECD875F7CA40}"
EndProject
Global
	GlobalSection(SolutionConfigurationPlatforms) = preSolution
		Debug|arm64 = Debug|arm64
		Debug|x64 = Debug|x64
		Debug|x86 = Debug|x86
		Release|arm64 = Release|arm64
		Release|x64 = Release|x64
		Release|x86 = Release|x86
	EndGlobalSection
	GlobalSection(ProjectConfigurationPlatforms) = postSolution
		{E0C6A4EC-5BC4-4A8C-9CBA-4B0DE6F82983}.Debug|arm64.ActiveCfg = Debug|arm64
		{E0C6A4EC-5BC4-4A8C-9CBA-4B0DE6F82983}.Debug|arm64.Build.0 = Debug|arm64
		{E0C6A4EC-5BC4-4A8C-9CBA-4B0DE6F82983}.Debug|arm64.Deploy.0 = Debug|arm64
		{E0C6A4EC-5BC4-4A8C-9CBA-4B0DE6F82983}.Debug|x64.ActiveCfg = Debug|x64
		{E0C6A4EC-5BC4-4A8C-9CBA-4B0DE6F82983}.Debug|x64.Build.0 = Debug|x64
		{E0C6A4EC-5BC4-4A8C-9CBA-4B0DE6F82983}.Debug|x64.Deploy.0 = Debug|x64
		{E0C6A4EC-5BC4-4A8C-9CBA-4B0DE6F82983}.Debug|x86.ActiveCfg = Debug|x86
		{E0C6A4EC-5BC4-4A8C-9CBA-4B0DE6F82983}.Debug|x86.Build.0 = Debug|x86
		{E0C6A4EC-5BC4-4A8C-9CBA-4B0DE6F82983}.Debug|x86.Deploy.0 = Debug|x86
		{E0C6A4EC-5BC4-4A8C-9CBA-4B0DE6F82983}.Release|arm64.ActiveCfg = Release|arm64
		{E0C6A4EC-5BC4-4A8C-9CBA-4B0DE6F82983}.Release|arm64.Build.0 = Release|arm64
		{E0C6A4EC-5BC4-4A8C-9CBA-4B0DE6F82983}.Release|arm64.Deploy.0 = Release|arm64
		{E0C6A4EC-5BC4-4A8C-9CBA-4B0DE6F82983}.Release|x64.ActiveCfg = Release|x64
		{E0C6A4EC-5BC4-4A8C-9CBA-4B0DE6F82983}.Release|x64.Build.0 = Release|x64
		{E0C6A4EC-5BC4-4A8C-9CBA-4B0DE6F82983}.Release|x64.Deploy.0 = Release|x64
		{E0C6A4EC-5BC4-4A8C-9CBA-4B0DE6F82983}.Release|x86.ActiveCfg = Release|x86
		{E0C6A4EC-5BC4-4A8C-9CBA-4B0DE6F82983}.Release|x86.Build.0 = Release|x86
		{E0C6A4EC-5BC4-4A8C-9CBA-4B0DE6F82983}.Release|x86.Deploy.0 = Release|x86
		{8639FBD0-DDB1-465A-98C0-E6E0B70694F1}.Debug|arm64.ActiveCfg = Debug|arm64
		{8639FBD0-DDB1-465A-98C0-E6E0B70694F1}.Debug|arm64.Build.0 = Debug|arm64
		{8639FBD0-DDB1-465A-98C0-E6E0B70694F1}.Debug|x64.ActiveCfg = Debug|x64
		{8639FBD0-DDB1-465A-98C0-E6E0B70694F1}.Debug|x64.Build.0 = Debug|x64
		{8639FBD0-DDB1-465A-98C0-E6E0B70694F1}.Debug|x86.ActiveCfg = Debug|x86
		{8639FBD0-DDB1-465A-98C0-E6E0B70694F1}.Debug|x86.Build.0 = Debug|x86
		{8639FBD0-DDB1-465A-98C0-E6E0B70694F1}.Release|arm64.ActiveCfg = Release|arm64
		{8639FBD0-DDB1-465A-98C0-E6E0B70694F1}.Release|arm64.Build.0 = Release|arm64
		{8639FBD0-DDB1-465A-98C0-E6E0B70694F1}.Release|x64.ActiveCfg = Release|x64
		{8639FBD0-DDB1-465A-98C0-E6E0B70694F1}.Release|x64.Build.0 = Release|x64
		{8639FBD0-DDB1-465A-98C0-E6E0B70694F1}.Release|x86.ActiveCfg = Release|x86
		{8639FBD0-DDB1-465A-98C0-E6E0B70694F1}.Release|x86.Build.0 = Release|x86
		{C8DEB3A6-7D70-44B7-AA31-ECD875F7CA40}.Debug|arm64.ActiveCfg = Debug|arm64
		{C8DEB3A6-7D70-44B7-AA31-ECD875F7CA40}.Debug|arm64.Build.0 = Debug|arm64
		{C8DEB3A6-7D70-44B7-AA31-ECD875F7CA40}.Debug|arm64.Deploy.0 = Debug|arm64
		{C8DEB3A6-7D70-44B7-AA31-ECD875F7CA40}.Debug|x64.ActiveCfg = Debug|x64
		{C8DEB3A6-7D70-44B7-AA31-ECD875F7CA40}.Debug|x64.Build.0 = Debug|x64
		{C8DEB3A6-7D70-44B7-AA31-ECD875F7CA40}.Debug|x64.Deploy.0 = Debug|x64
		{C8DEB3A6-7D70-44B7-AA31-ECD875F7CA40}.Debug|x86.ActiveCfg = Debug|x86
		{C8DEB3A6-7D70-44B7-AA31-ECD875F7CA40}.Debug|x86.Build.0 = Debug|x86
		{C8DEB3A6-7D70-44B7-AA31-ECD875F7CA40}.Debug|x86.Deploy.0 = Debug|x86
		{C8DEB3A6-7D70-44B7-AA31-ECD875F7CA40}.Release|arm64.ActiveCfg = Release|arm64
		{C8DEB3A6-7D70-44B7-AA31-ECD875F7CA40}.Release|arm64.Build.0 = Release|arm64
		{C8DEB3A6-7D70-44B7-AA31-ECD875F7CA40}.Release|arm64.Deploy.0 = Release|arm64
		{C8DEB3A6-7D70-44B7-AA31-ECD875F7CA40}.Release|x64.ActiveCfg = Release|x64
		{C8DEB3A6-7D70-44B7-AA31-ECD875F7CA40}.Release|x64.Build.0 = Release|x64
		{C8DEB3A6-7D70-44B7-AA31-ECD875F7CA40}.Release|x64.Deploy.0 = Release|x64
		{C8DEB3A6-7D70-44B7-AA31-ECD875F7CA40}.Release|x86.ActiveCfg = Release|x86
		{C8DEB3A6-7D70-44B7-AA31-ECD875F7CA40}.Release|x86.Build.0 = Release|x86
		{C8DEB3A6-7D70-44B7-AA31-ECD875F7CA40}.Release|x86.Deploy.0 = Release|x86
	EndGlobalSection
	GlobalSection(SolutionProperties) = preSolution
		HideSolutionNode = FALSE
	EndGlobalSection
	GlobalSection(ExtensibilityGlobals) = postSolution
		SolutionGuid = {217CB7A1-FED6-4BD6-96D1-F3D784976AE3}
	EndGlobalSection
EndGlobal
